// !$*UTF8*$!
{
	archiveVersion = 1;
	classes = {
	};
	objectVersion = 56;
	objects = {

/* Begin PBXBuildFile section */
		8540075F2BE3562800070000 /* ViewModel.swift in Sources */ = {isa = PBXBuildFile; fileRef = 8540075E2BE3562800070000 /* ViewModel.swift */; };
		8564022A2BE2109E0097C6DB /* Medium_MVVMApp.swift in Sources */ = {isa = PBXBuildFile; fileRef = 856402292BE2109E0097C6DB /* Medium_MVVMApp.swift */; };
		8564022C2BE2109E0097C6DB /* ContentView.swift in Sources */ = {isa = PBXBuildFile; fileRef = 8564022B2BE2109E0097C6DB /* ContentView.swift */; };
		8564022E2BE2109F0097C6DB /* Assets.xcassets in Resources */ = {isa = PBXBuildFile; fileRef = 8564022D2BE2109F0097C6DB /* Assets.xcassets */; };
		856402312BE2109F0097C6DB /* Preview Assets.xcassets in Resources */ = {isa = PBXBuildFile; fileRef = 856402302BE2109F0097C6DB /* Preview Assets.xcassets */; };
		856402382BE210AE0097C6DB /* Product.swift in Sources */ = {isa = PBXBuildFile; fileRef = 856402372BE210AE0097C6DB /* Product.swift */; };
		8564023D2BE210F70097C6DB /* ProductListViewModel.swift in Sources */ = {isa = PBXBuildFile; fileRef = 8564023C2BE210F70097C6DB /* ProductListViewModel.swift */; };
		856402402BE211AB0097C6DB /* Products.swift in Sources */ = {isa = PBXBuildFile; fileRef = 8564023F2BE211AB0097C6DB /* Products.swift */; };
		856402422BE21E600097C6DB /* Networking.swift in Sources */ = {isa = PBXBuildFile; fileRef = 856402412BE21E600097C6DB /* Networking.swift */; };
		856402442BE21F0A0097C6DB /* Container.swift in Sources */ = {isa = PBXBuildFile; fileRef = 856402432BE21F0A0097C6DB /* Container.swift */; };
/* End PBXBuildFile section */

/* Begin PBXFileReference section */
		8540075E2BE3562800070000 /* ViewModel.swift */ = {isa = PBXFileReference; lastKnownFileType = sourcecode.swift; path = ViewModel.swift; sourceTree = "<group>"; };
		856402262BE2109E0097C6DB /* Medium-MVVM.app */ = {isa = PBXFileReference; explicitFileType = wrapper.application; includeInIndex = 0; path = "Medium-MVVM.app"; sourceTree = BUILT_PRODUCTS_DIR; };
		856402292BE2109E0097C6DB /* Medium_MVVMApp.swift */ = {isa = PBXFileReference; lastKnownFileType = sourcecode.swift; path = Medium_MVVMApp.swift; sourceTree = "<group>"; };
		8564022B2BE2109E0097C6DB /* ContentView.swift */ = {isa = PBXFileReference; lastKnownFileType = sourcecode.swift; path = ContentView.swift; sourceTree = "<group>"; };
		8564022D2BE2109F0097C6DB /* Assets.xcassets */ = {isa = PBXFileReference; lastKnownFileType = folder.assetcatalog; path = Assets.xcassets; sourceTree = "<group>"; };
		856402302BE2109F0097C6DB /* Preview Assets.xcassets */ = {isa = PBXFileReference; lastKnownFileType = folder.assetcatalog; path = "Preview Assets.xcassets"; sourceTree = "<group>"; };
		856402372BE210AE0097C6DB /* Product.swift */ = {isa = PBXFileReference; lastKnownFileType = sourcecode.swift; path = Product.swift; sourceTree = "<group>"; };
		8564023C2BE210F70097C6DB /* ProductListViewModel.swift */ = {isa = PBXFileReference; lastKnownFileType = sourcecode.swift; path = ProductListViewModel.swift; sourceTree = "<group>"; };
		8564023F2BE211AB0097C6DB /* Products.swift */ = {isa = PBXFileReference; lastKnownFileType = sourcecode.swift; path = Products.swift; sourceTree = "<group>"; };
		856402412BE21E600097C6DB /* Networking.swift */ = {isa = PBXFileReference; lastKnownFileType = sourcecode.swift; path = Networking.swift; sourceTree = "<group>"; };
		856402432BE21F0A0097C6DB /* Container.swift */ = {isa = PBXFileReference; lastKnownFileType = sourcecode.swift; path = Container.swift; sourceTree = "<group>"; };
/* End PBXFileReference section */

/* Begin PBXFrameworksBuildPhase section */
		856402232BE2109E0097C6DB /* Frameworks */ = {
			isa = PBXFrameworksBuildPhase;
			buildActionMask = 2147483647;
			files = (
			);
			runOnlyForDeploymentPostprocessing = 0;
		};
/* End PBXFrameworksBuildPhase section */

/* Begin PBXGroup section */
		8564021D2BE2109E0097C6DB = {
			isa = PBXGroup;
			children = (
				856402282BE2109E0097C6DB /* Medium-MVVM */,
				856402272BE2109E0097C6DB /* Products */,
			);
			sourceTree = "<group>";
		};
		856402272BE2109E0097C6DB /* Products */ = {
			isa = PBXGroup;
			children = (
				856402262BE2109E0097C6DB /* Medium-MVVM.app */,
			);
			name = Products;
			sourceTree = "<group>";
		};
		856402282BE2109E0097C6DB /* Medium-MVVM */ = {
			isa = PBXGroup;
			children = (
				8564023E2BE2119C0097C6DB /* Data */,
				8564023B2BE210BD0097C6DB /* ViewModel */,
				8564023A2BE210B50097C6DB /* View */,
				856402392BE210B10097C6DB /* Model */,
				856402292BE2109E0097C6DB /* Medium_MVVMApp.swift */,
				8564022D2BE2109F0097C6DB /* Assets.xcassets */,
				8564022F2BE2109F0097C6DB /* Preview Content */,
			);
			path = "Medium-MVVM";
			sourceTree = "<group>";
		};
		8564022F2BE2109F0097C6DB /* Preview Content */ = {
			isa = PBXGroup;
			children = (
				856402302BE2109F0097C6DB /* Preview Assets.xcassets */,
			);
			path = "Preview Content";
			sourceTree = "<group>";
		};
		856402392BE210B10097C6DB /* Model */ = {
			isa = PBXGroup;
			children = (
				856402372BE210AE0097C6DB /* Product.swift */,
				856402412BE21E600097C6DB /* Networking.swift */,
				856402432BE21F0A0097C6DB /* Container.swift */,
			);
			path = Model;
			sourceTree = "<group>";
		};
		8564023A2BE210B50097C6DB /* View */ = {
			isa = PBXGroup;
			children = (
				8564022B2BE2109E0097C6DB /* ContentView.swift */,
			);
			path = View;
			sourceTree = "<group>";
		};
		8564023B2BE210BD0097C6DB /* ViewModel */ = {
			isa = PBXGroup;
			children = (
				8564023C2BE210F70097C6DB /* ProductListViewModel.swift */,
				8540075E2BE3562800070000 /* ViewModel.swift */,
			);
			path = ViewModel;
			sourceTree = "<group>";
		};
		8564023E2BE2119C0097C6DB /* Data */ = {
			isa = PBXGroup;
			children = (
				8564023F2BE211AB0097C6DB /* Products.swift */,
			);
			path = Data;
			sourceTree = "<group>";
		};
/* End PBXGroup section */

/* Begin PBXNativeTarget section */
		856402252BE2109E0097C6DB /* Medium-MVVM */ = {
			isa = PBXNativeTarget;
			buildConfigurationList = 856402342BE2109F0097C6DB /* Build configuration list for PBXNativeTarget "Medium-MVVM" */;
			buildPhases = (
				856402222BE2109E0097C6DB /* Sources */,
				856402232BE2109E0097C6DB /* Frameworks */,
				856402242BE2109E0097C6DB /* Resources */,
			);
			buildRules = (
			);
			dependencies = (
			);
			name = "Medium-MVVM";
			productName = "Medium-MVVM";
			productReference = 856402262BE2109E0097C6DB /* Medium-MVVM.app */;
			productType = "com.apple.product-type.application";
		};
/* End PBXNativeTarget section */

/* Begin PBXProject section */
		8564021E2BE2109E0097C6DB /* Project object */ = {
			isa = PBXProject;
			attributes = {
				BuildIndependentTargetsInParallel = 1;
				LastSwiftUpdateCheck = 1520;
				LastUpgradeCheck = 1520;
				TargetAttributes = {
					856402252BE2109E0097C6DB = {
						CreatedOnToolsVersion = 15.2;
					};
				};
			};
			buildConfigurationList = 856402212BE2109E0097C6DB /* Build configuration list for PBXProject "Medium-MVVM" */;
			compatibilityVersion = "Xcode 14.0";
			developmentRegion = en;
			hasScannedForEncodings = 0;
			knownRegions = (
				en,
				Base,
			);
			mainGroup = 8564021D2BE2109E0097C6DB;
			productRefGroup = 856402272BE2109E0097C6DB /* Products */;
			projectDirPath = "";
			projectRoot = "";
			targets = (
				856402252BE2109E0097C6DB /* Medium-MVVM */,
			);
		};
/* End PBXProject section */

/* Begin PBXResourcesBuildPhase section */
		856402242BE2109E0097C6DB /* Resources */ = {
			isa = PBXResourcesBuildPhase;
			buildActionMask = 2147483647;
			files = (
				856402312BE2109F0097C6DB /* Preview Assets.xcassets in Resources */,
				8564022E2BE2109F0097C6DB /* Assets.xcassets in Resources */,
			);
			runOnlyForDeploymentPostprocessing = 0;
		};
/* End PBXResourcesBuildPhase section */

/* Begin PBXSourcesBuildPhase section */
		856402222BE2109E0097C6DB /* Sources */ = {
			isa = PBXSourcesBuildPhase;
			buildActionMask = 2147483647;
			files = (
				8564022C2BE2109E0097C6DB /* ContentView.swift in Sources */,
				8564022A2BE2109E0097C6DB /* Medium_MVVMApp.swift in Sources */,
				856402402BE211AB0097C6DB /* Products.swift in Sources */,
				856402422BE21E600097C6DB /* Networking.swift in Sources */,
				856402442BE21F0A0097C6DB /* Container.swift in Sources */,
				8564023D2BE210F70097C6DB /* ProductListViewModel.swift in Sources */,
				8540075F2BE3562800070000 /* ViewModel.swift in Sources */,
				856402382BE210AE0097C6DB /* Product.swift in Sources */,
			);
			runOnlyForDeploymentPostprocessing = 0;
		};
/* End PBXSourcesBuildPhase section */

/* Begin XCBuildConfiguration section */
		856402322BE2109F0097C6DB /* Debug */ = {
			isa = XCBuildConfiguration;
			buildSettings = {
				ALWAYS_SEARCH_USER_PATHS = NO;
				ASSETCATALOG_COMPILER_GENERATE_SWIFT_ASSET_SYMBOL_EXTENSIONS = YES;
				CLANG_ANALYZER_NONNULL = YES;
				CLANG_ANALYZER_NUMBER_OBJECT_CONVERSION = YES_AGGRESSIVE;
				CLANG_CXX_LANGUAGE_STANDARD = "gnu++20";
				CLANG_ENABLE_MODULES = YES;
				CLANG_ENABLE_OBJC_ARC = YES;
				CLANG_ENABLE_OBJC_WEAK = YES;
				CLANG_WARN_BLOCK_CAPTURE_AUTORELEASING = YES;
				CLANG_WARN_BOOL_CONVERSION = YES;
				CLANG_WARN_COMMA = YES;
				CLANG_WARN_CONSTANT_CONVERSION = YES;
				CLANG_WARN_DEPRECATED_OBJC_IMPLEMENTATIONS = YES;
				CLANG_WARN_DIRECT_OBJC_ISA_USAGE = YES_ERROR;
				CLANG_WARN_DOCUMENTATION_COMMENTS = YES;
				CLANG_WARN_EMPTY_BODY = YES;
				CLANG_WARN_ENUM_CONVERSION = YES;
				CLANG_WARN_INFINITE_RECURSION = YES;
				CLANG_WARN_INT_CONVERSION = YES;
				CLANG_WARN_NON_LITERAL_NULL_CONVERSION = YES;
				CLANG_WARN_OBJC_IMPLICIT_RETAIN_SELF = YES;
				CLANG_WARN_OBJC_LITERAL_CONVERSION = YES;
				CLANG_WARN_OBJC_ROOT_CLASS = YES_ERROR;
				CLANG_WARN_QUOTED_INCLUDE_IN_FRAMEWORK_HEADER = YES;
				CLANG_WARN_RANGE_LOOP_ANALYSIS = YES;
				CLANG_WARN_STRICT_PROTOTYPES = YES;
				CLANG_WARN_SUSPICIOUS_MOVE = YES;
				CLANG_WARN_UNGUARDED_AVAILABILITY = YES_AGGRESSIVE;
				CLANG_WARN_UNREACHABLE_CODE = YES;
				CLANG_WARN__DUPLICATE_METHOD_MATCH = YES;
				COPY_PHASE_STRIP = NO;
				DEBUG_INFORMATION_FORMAT = dwarf;
				ENABLE_STRICT_OBJC_MSGSEND = YES;
				ENABLE_TESTABILITY = YES;
				ENABLE_USER_SCRIPT_SANDBOXING = YES;
				GCC_C_LANGUAGE_STANDARD = gnu17;
				GCC_DYNAMIC_NO_PIC = NO;
				GCC_NO_COMMON_BLOCKS = YES;
				GCC_OPTIMIZATION_LEVEL = 0;
				GCC_PREPROCESSOR_DEFINITIONS = (
					"DEBUG=1",
					"$(inherited)",
				);
				GCC_WARN_64_TO_32_BIT_CONVERSION = YES;
				GCC_WARN_ABOUT_RETURN_TYPE = YES_ERROR;
				GCC_WARN_UNDECLARED_SELECTOR = YES;
				GCC_WARN_UNINITIALIZED_AUTOS = YES_AGGRESSIVE;
				GCC_WARN_UNUSED_FUNCTION = YES;
				GCC_WARN_UNUSED_VARIABLE = YES;
				IPHONEOS_DEPLOYMENT_TARGET = 17.2;
				LOCALIZATION_PREFERS_STRING_CATALOGS = YES;
				MTL_ENABLE_DEBUG_INFO = INCLUDE_SOURCE;
				MTL_FAST_MATH = YES;
				ONLY_ACTIVE_ARCH = YES;
				SDKROOT = iphoneos;
				SWIFT_ACTIVE_COMPILATION_CONDITIONS = "DEBUG $(inherited)";
				SWIFT_OPTIMIZATION_LEVEL = "-Onone";
			};
			name = Debug;
		};
		856402332BE2109F0097C6DB /* Release */ = {
			isa = XCBuildConfiguration;
			buildSettings = {
				ALWAYS_SEARCH_USER_PATHS = NO;
				ASSETCATALOG_COMPILER_GENERATE_SWIFT_ASSET_SYMBOL_EXTENSIONS = YES;
				CLANG_ANALYZER_NONNULL = YES;
				CLANG_ANALYZER_NUMBER_OBJECT_CONVERSION = YES_AGGRESSIVE;
				CLANG_CXX_LANGUAGE_STANDARD = "gnu++20";
				CLANG_ENABLE_MODULES = YES;
				CLANG_ENABLE_OBJC_ARC = YES;
				CLANG_ENABLE_OBJC_WEAK = YES;
				CLANG_WARN_BLOCK_CAPTURE_AUTORELEASING = YES;
				CLANG_WARN_BOOL_CONVERSION = YES;
				CLANG_WARN_COMMA = YES;
				CLANG_WARN_CONSTANT_CONVERSION = YES;
				CLANG_WARN_DEPRECATED_OBJC_IMPLEMENTATIONS = YES;
				CLANG_WARN_DIRECT_OBJC_ISA_USAGE = YES_ERROR;
				CLANG_WARN_DOCUMENTATION_COMMENTS = YES;
				CLANG_WARN_EMPTY_BODY = YES;
				CLANG_WARN_ENUM_CONVERSION = YES;
				CLANG_WARN_INFINITE_RECURSION = YES;
				CLANG_WARN_INT_CONVERSION = YES;
				CLANG_WARN_NON_LITERAL_NULL_CONVERSION = YES;
				CLANG_WARN_OBJC_IMPLICIT_RETAIN_SELF = YES;
				CLANG_WARN_OBJC_LITERAL_CONVERSION = YES;
				CLANG_WARN_OBJC_ROOT_CLASS = YES_ERROR;
				CLANG_WARN_QUOTED_INCLUDE_IN_FRAMEWORK_HEADER = YES;
				CLANG_WARN_RANGE_LOOP_ANALYSIS = YES;
				CLANG_WARN_STRICT_PROTOTYPES = YES;
				CLANG_WARN_SUSPICIOUS_MOVE = YES;
				CLANG_WARN_UNGUARDED_AVAILABILITY = YES_AGGRESSIVE;
				CLANG_WARN_UNREACHABLE_CODE = YES;
				CLANG_WARN__DUPLICATE_METHOD_MATCH = YES;
				COPY_PHASE_STRIP = NO;
				DEBUG_INFORMATION_FORMAT = "dwarf-with-dsym";
				ENABLE_NS_ASSERTIONS = NO;
				ENABLE_STRICT_OBJC_MSGSEND = YES;
				ENABLE_USER_SCRIPT_SANDBOXING = YES;
				GCC_C_LANGUAGE_STANDARD = gnu17;
				GCC_NO_COMMON_BLOCKS = YES;
				GCC_WARN_64_TO_32_BIT_CONVERSION = YES;
				GCC_WARN_ABOUT_RETURN_TYPE = YES_ERROR;
				GCC_WARN_UNDECLARED_SELECTOR = YES;
				GCC_WARN_UNINITIALIZED_AUTOS = YES_AGGRESSIVE;
				GCC_WARN_UNUSED_FUNCTION = YES;
				GCC_WARN_UNUSED_VARIABLE = YES;
				IPHONEOS_DEPLOYMENT_TARGET = 17.2;
				LOCALIZATION_PREFERS_STRING_CATALOGS = YES;
				MTL_ENABLE_DEBUG_INFO = NO;
				MTL_FAST_MATH = YES;
				SDKROOT = iphoneos;
				SWIFT_COMPILATION_MODE = wholemodule;
				VALIDATE_PRODUCT = YES;
			};
			name = Release;
		};
		856402352BE2109F0097C6DB /* Debug */ = {
			isa = XCBuildConfiguration;
			buildSettings = {
				ASSETCATALOG_COMPILER_APPICON_NAME = AppIcon;
				ASSETCATALOG_COMPILER_GLOBAL_ACCENT_COLOR_NAME = AccentColor;
				CODE_SIGN_STYLE = Automatic;
				CURRENT_PROJECT_VERSION = 1;
				DEVELOPMENT_ASSET_PATHS = "\"Medium-MVVM/Preview Content\"";
				DEVELOPMENT_TEAM = 3H92UQY6MT;
				ENABLE_PREVIEWS = YES;
				GENERATE_INFOPLIST_FILE = YES;
				INFOPLIST_KEY_UIApplicationSceneManifest_Generation = YES;
				INFOPLIST_KEY_UIApplicationSupportsIndirectInputEvents = YES;
				INFOPLIST_KEY_UILaunchScreen_Generation = YES;
				INFOPLIST_KEY_UISupportedInterfaceOrientations_iPad = "UIInterfaceOrientationPortrait UIInterfaceOrientationPortraitUpsideDown UIInterfaceOrientationLandscapeLeft UIInterfaceOrientationLandscapeRight";
				INFOPLIST_KEY_UISupportedInterfaceOrientations_iPhone = "UIInterfaceOrientationPortrait UIInterfaceOrientationLandscapeLeft UIInterfaceOrientationLandscapeRight";
				LD_RUNPATH_SEARCH_PATHS = (
					"$(inherited)",
					"@executable_path/Frameworks",
				);
				MARKETING_VERSION = 1.0;
				PRODUCT_BUNDLE_IDENTIFIER = "com.Medium-MVVM";
				PRODUCT_NAME = "$(TARGET_NAME)";
				SWIFT_EMIT_LOC_STRINGS = YES;
				SWIFT_VERSION = 5.0;
				TARGETED_DEVICE_FAMILY = "1,2";
			};
			name = Debug;
		};
		856402362BE2109F0097C6DB /* Release */ = {
			isa = XCBuildConfiguration;
			buildSettings = {
				ASSETCATALOG_COMPILER_APPICON_NAME = AppIcon;
				ASSETCATALOG_COMPILER_GLOBAL_ACCENT_COLOR_NAME = AccentColor;
				CODE_SIGN_STYLE = Automatic;
				CURRENT_PROJECT_VERSION = 1;
				DEVELOPMENT_ASSET_PATHS = "\"Medium-MVVM/Preview Content\"";
				DEVELOPMENT_TEAM = 3H92UQY6MT;
				ENABLE_PREVIEWS = YES;
				GENERATE_INFOPLIST_FILE = YES;
				INFOPLIST_KEY_UIApplicationSceneManifest_Generation = YES;
				INFOPLIST_KEY_UIApplicationSupportsIndirectInputEvents = YES;
				INFOPLIST_KEY_UILaunchScreen_Generation = YES;
				INFOPLIST_KEY_UISupportedInterfaceOrientations_iPad = "UIInterfaceOrientationPortrait UIInterfaceOrientationPortraitUpsideDown UIInterfaceOrientationLandscapeLeft UIInterfaceOrientationLandscapeRight";
				INFOPLIST_KEY_UISupportedInterfaceOrientations_iPhone = "UIInterfaceOrientationPortrait UIInterfaceOrientationLandscapeLeft UIInterfaceOrientationLandscapeRight";
				LD_RUNPATH_SEARCH_PATHS = (
					"$(inherited)",
					"@executable_path/Frameworks",
				);
				MARKETING_VERSION = 1.0;
				PRODUCT_BUNDLE_IDENTIFIER = "com.Medium-MVVM";
				PRODUCT_NAME = "$(TARGET_NAME)";
				SWIFT_EMIT_LOC_STRINGS = YES;
				SWIFT_VERSION = 5.0;
				TARGETED_DEVICE_FAMILY = "1,2";
			};
			name = Release;
		};
/* End XCBuildConfiguration section */

/* Begin XCConfigurationList section */
		856402212BE2109E0097C6DB /* Build configuration list for PBXProject "Medium-MVVM" */ = {
			isa = XCConfigurationList;
			buildConfigurations = (
				856402322BE2109F0097C6DB /* Debug */,
				856402332BE2109F0097C6DB /* Release */,
			);
			defaultConfigurationIsVisible = 0;
			defaultConfigurationName = Release;
		};
		856402342BE2109F0097C6DB /* Build configuration list for PBXNativeTarget "Medium-MVVM" */ = {
			isa = XCConfigurationList;
			buildConfigurations = (
				856402352BE2109F0097C6DB /* Debug */,
				856402362BE2109F0097C6DB /* Release */,
			);
			defaultConfigurationIsVisible = 0;
			defaultConfigurationName = Release;
		};
/* End XCConfigurationList section */
	};
	rootObject = 8564021E2BE2109E0097C6DB /* Project object */;
}
